
Microsoft Visual Studio Solution File, Format Version 12.00
# Visual Studio 2013
VisualStudioVersion = 12.0.21005.1
MinimumVisualStudioVersion = 10.0.40219.1
Project("{2150E333-8FDC-42A3-9474-1A3956D46DE8}") = "02 Application(应用服务层)", "02 Application(应用服务层)", "{3BEB1412-8A51-4120-818D-5527BE34D0C0}"
EndProject
Project("{2150E333-8FDC-42A3-9474-1A3956D46DE8}") = "03 BusinessLogic(业务逻辑层)", "03 BusinessLogic(业务逻辑层)", "{7A6E4B44-3709-4E10-A204-97B3880ED823}"
EndProject
Project("{2150E333-8FDC-42A3-9474-1A3956D46DE8}") = "08 SolutionItems", "08 SolutionItems", "{8CAD531C-AC0E-4E00-BE35-8FB3CB7C4810}"
	ProjectSection(SolutionItems) = preProject
		Output\Config\ModbusConfig.xml = Output\Config\ModbusConfig.xml
		SolutionItems\简要需求.txt = SolutionItems\简要需求.txt
	EndProjectSection
EndProject
Project("{2150E333-8FDC-42A3-9474-1A3956D46DE8}") = "04 Infrastructure(基础设施层)", "04 Infrastructure(基础设施层)", "{86EC51AC-625A-48B0-B551-1DD6F1A238C3}"
EndProject
Project("{FAE04EC0-301F-11D3-BF4B-00C04F79EFBC}") = "NCS.Model", "BusinessLogic\NCS.Model\NCS.Model.csproj", "{E86B0964-76A7-43E2-BAEB-6408EF740553}"
EndProject
Project("{FAE04EC0-301F-11D3-BF4B-00C04F79EFBC}") = "NCS.Infrastructure", "Infrastructure\NCS.Infrastructure\NCS.Infrastructure.csproj", "{1ADBA2C9-CB28-40C5-B58D-F03F359098B3}"
EndProject
Project("{2150E333-8FDC-42A3-9474-1A3956D46DE8}") = "05 Modbus", "05 Modbus", "{C287725E-3900-4516-8136-357C001F935F}"
EndProject
Project("{2150E333-8FDC-42A3-9474-1A3956D46DE8}") = "06 ReferenceLibary", "06 ReferenceLibary", "{F03988C9-EB88-47C9-B97F-5FF2837E3C8B}"
EndProject
Project("{2150E333-8FDC-42A3-9474-1A3956D46DE8}") = "07Test", "07Test", "{F5417C94-43AA-4831-B2CA-41E7B8D2DFB3}"
EndProject
Project("{FAE04EC0-301F-11D3-BF4B-00C04F79EFBC}") = "Modbus.Common", "Modbus\Modbus.Common\Modbus.Common.csproj", "{EC3C9262-B3F4-4DC8-99FC-A18C68839DC6}"
EndProject
Project("{FAE04EC0-301F-11D3-BF4B-00C04F79EFBC}") = "Modbus.Contract", "Modbus\Modbus.Contract\Modbus.Contract.csproj", "{83802AE5-5592-4B50-9DE1-C1D0CCD38334}"
EndProject
Project("{FAE04EC0-301F-11D3-BF4B-00C04F79EFBC}") = "Modbus.RTU", "Modbus\Modbus.RTU\Modbus.RTU.csproj", "{5C9EAB7B-39F6-4E39-8FCF-BC4EBDDD3156}"
EndProject
Project("{FAE04EC0-301F-11D3-BF4B-00C04F79EFBC}") = "Easy5.WPF.Controls", "ReferenceLibary\Easy5.WPF.Controls\Easy5.WPF.Controls.csproj", "{E06EA71B-715E-43D4-AB0F-CB08A0248E9D}"
EndProject
Project("{FAE04EC0-301F-11D3-BF4B-00C04F79EFBC}") = "MVVMHelper", "ReferenceLibary\MVVMHelper\MVVMHelper.csproj", "{9866905B-ADFC-43B8-A08A-A1484F6606CD}"
EndProject
Project("{FAE04EC0-301F-11D3-BF4B-00C04F79EFBC}") = "WPFResourceLibrary", "ReferenceLibary\ResourceLibrary\WPFResourceLibrary.csproj", "{7F08E9B7-1D41-40A2-93E2-3A9B7A00969B}"
EndProject
Project("{FAE04EC0-301F-11D3-BF4B-00C04F79EFBC}") = "Modbus.Test", "Test\Modbus.Contract.Test\Modbus.Test.csproj", "{CDEC59CE-E235-4518-BD30-7C4B3CABFE66}"
EndProject
Project("{FAE04EC0-301F-11D3-BF4B-00C04F79EFBC}") = "NCS.Service", "Application\NCS.Service\NCS.Service.csproj", "{E6825E01-9AFB-4F4D-9478-05DC57278EB6}"
EndProject
Project("{FAE04EC0-301F-11D3-BF4B-00C04F79EFBC}") = "NCS.Service.Cache", "Application\NCS.Service.Cache\NCS.Service.Cache.csproj", "{4F0B4637-68B2-45A7-BA04-114511259439}"
EndProject
Project("{FAE04EC0-301F-11D3-BF4B-00C04F79EFBC}") = "NCS.Repository.NHibernate", "Infrastructure\NCS.Repository.NHibernate\NCS.Repository.NHibernate.csproj", "{2AE5F381-F500-451B-ADAF-C4AB7165220A}"
EndProject
Project("{FAE04EC0-301F-11D3-BF4B-00C04F79EFBC}") = "NCS.Repository.NHibernate.Test", "Test\NCS.Repository.NHibernate.Test\NCS.Repository.NHibernate.Test.csproj", "{09273B4D-A5E5-4F9A-9AF3-8348D69C4600}"
EndProject
Project("{FAE04EC0-301F-11D3-BF4B-00C04F79EFBC}") = "NCS.Model.Test", "Test\NCS.Model.Test\NCS.Model.Test.csproj", "{11B50595-3B86-42C9-84F7-B3608483C557}"
EndProject
Project("{FAE04EC0-301F-11D3-BF4B-00C04F79EFBC}") = "NCS.Service.Test", "Test\NCS.Service.Test\NCS.Service.Test.csproj", "{FC501459-8902-4D6F-BDF9-A0971B3571C3}"
EndProject
Project("{FAE04EC0-301F-11D3-BF4B-00C04F79EFBC}") = "NCS.Repository.ADO", "Infrastructure\NCS.Repository.ADO\NCS.Repository.ADO.csproj", "{E2D4F3D3-6C3B-421E-9E5C-05613BB45FA0}"
EndProject
Project("{2150E333-8FDC-42A3-9474-1A3956D46DE8}") = "01 Presentation(表现层)", "01 Presentation(表现层)", "{4BD22DFB-4CAE-42DC-8927-15F8C9FF96BE}"
EndProject
Project("{FAE04EC0-301F-11D3-BF4B-00C04F79EFBC}") = "NCS.Client.WPF", "Presentation\NCS.Client.WPF\NCS.Client.WPF.csproj", "{BD88645A-8B53-4E1C-8A82-D8C6C2E45874}"
EndProject
Project("{FAE04EC0-301F-11D3-BF4B-00C04F79EFBC}") = "ModbusDriver", "Presentation\ModbusDriver\ModbusDriver.csproj", "{EA00A44F-EF6B-4783-AAC6-E8D8142BF0EB}"
EndProject
Project("{FAE04EC0-301F-11D3-BF4B-00C04F79EFBC}") = "NCS.Repository.ADO.Test", "Test\NCS.Repository.ADO.Test\NCS.Repository.ADO.Test.csproj", "{AA450069-387F-43E1-B29F-5CFC95DA3770}"
EndProject
Project("{FAE04EC0-301F-11D3-BF4B-00C04F79EFBC}") = "SQLConnecter", "Infrastructure\SQLConnecter\SQLConnecter.csproj", "{1EE2550A-EE07-491A-BC52-001472B58ACA}"
EndProject
Project("{FAE04EC0-301F-11D3-BF4B-00C04F79EFBC}") = "UniversalDAL", "Infrastructure\UniversalDAL\UniversalDAL.csproj", "{FD5CF8E0-4FE7-4411-A424-B8AA231A8949}"
EndProject
Project("{FAE04EC0-301F-11D3-BF4B-00C04F79EFBC}") = "Easy5.WPF.DazzleUI", "ReferenceLibary\Easy5.WPF.DazzleUI\Easy5.WPF.DazzleUI.csproj", "{53B936B8-79D9-4043-B8E6-7A9EDAAA1BB0}"
EndProject
Project("{FAE04EC0-301F-11D3-BF4B-00C04F79EFBC}") = "NCS.Repository.EF", "Infrastructure\NCS.Repository.EF\NCS.Repository.EF.csproj", "{6556A18B-E3AA-4BF4-8D2A-6B272C0285F4}"
EndProject
Project("{FAE04EC0-301F-11D3-BF4B-00C04F79EFBC}") = "NCS.Repository.EF.Tests", "Test\NCS.Repository.EF.Tests\NCS.Repository.EF.Tests.csproj", "{4DDF35A2-F47E-4F4F-B752-6C11CDD1F958}"
EndProject
Global
	GlobalSection(SolutionConfigurationPlatforms) = preSolution
		Debug|Any CPU = Debug|Any CPU
		Debug|Mixed Platforms = Debug|Mixed Platforms
		Debug|x86 = Debug|x86
		Release|Any CPU = Release|Any CPU
		Release|Mixed Platforms = Release|Mixed Platforms
		Release|x86 = Release|x86
	EndGlobalSection
	GlobalSection(ProjectConfigurationPlatforms) = postSolution
		{E86B0964-76A7-43E2-BAEB-6408EF740553}.Debug|Any CPU.ActiveCfg = Debug|Any CPU
		{E86B0964-76A7-43E2-BAEB-6408EF740553}.Debug|Any CPU.Build.0 = Debug|Any CPU
		{E86B0964-76A7-43E2-BAEB-6408EF740553}.Debug|Mixed Platforms.ActiveCfg = Debug|Any CPU
		{E86B0964-76A7-43E2-BAEB-6408EF740553}.Debug|Mixed Platforms.Build.0 = Debug|Any CPU
		{E86B0964-76A7-43E2-BAEB-6408EF740553}.Debug|x86.ActiveCfg = Debug|Any CPU
		{E86B0964-76A7-43E2-BAEB-6408EF740553}.Release|Any CPU.ActiveCfg = Release|Any CPU
		{E86B0964-76A7-43E2-BAEB-6408EF740553}.Release|Any CPU.Build.0 = Release|Any CPU
		{E86B0964-76A7-43E2-BAEB-6408EF740553}.Release|Mixed Platforms.ActiveCfg = Release|Any CPU
		{E86B0964-76A7-43E2-BAEB-6408EF740553}.Release|Mixed Platforms.Build.0 = Release|Any CPU
		{E86B0964-76A7-43E2-BAEB-6408EF740553}.Release|x86.ActiveCfg = Release|Any CPU
		{1ADBA2C9-CB28-40C5-B58D-F03F359098B3}.Debug|Any CPU.ActiveCfg = Debug|Any CPU
		{1ADBA2C9-CB28-40C5-B58D-F03F359098B3}.Debug|Any CPU.Build.0 = Debug|Any CPU
		{1ADBA2C9-CB28-40C5-B58D-F03F359098B3}.Debug|Mixed Platforms.ActiveCfg = Debug|Any CPU
		{1ADBA2C9-CB28-40C5-B58D-F03F359098B3}.Debug|Mixed Platforms.Build.0 = Debug|Any CPU
		{1ADBA2C9-CB28-40C5-B58D-F03F359098B3}.Debug|x86.ActiveCfg = Debug|Any CPU
		{1ADBA2C9-CB28-40C5-B58D-F03F359098B3}.Release|Any CPU.ActiveCfg = Release|Any CPU
		{1ADBA2C9-CB28-40C5-B58D-F03F359098B3}.Release|Any CPU.Build.0 = Release|Any CPU
		{1ADBA2C9-CB28-40C5-B58D-F03F359098B3}.Release|Mixed Platforms.ActiveCfg = Release|Any CPU
		{1ADBA2C9-CB28-40C5-B58D-F03F359098B3}.Release|Mixed Platforms.Build.0 = Release|Any CPU
		{1ADBA2C9-CB28-40C5-B58D-F03F359098B3}.Release|x86.ActiveCfg = Release|Any CPU
		{EC3C9262-B3F4-4DC8-99FC-A18C68839DC6}.Debug|Any CPU.ActiveCfg = Debug|Any CPU
		{EC3C9262-B3F4-4DC8-99FC-A18C68839DC6}.Debug|Any CPU.Build.0 = Debug|Any CPU
		{EC3C9262-B3F4-4DC8-99FC-A18C68839DC6}.Debug|Mixed Platforms.ActiveCfg = Debug|Any CPU
		{EC3C9262-B3F4-4DC8-99FC-A18C68839DC6}.Debug|Mixed Platforms.Build.0 = Debug|Any CPU
		{EC3C9262-B3F4-4DC8-99FC-A18C68839DC6}.Debug|x86.ActiveCfg = Debug|Any CPU
		{EC3C9262-B3F4-4DC8-99FC-A18C68839DC6}.Release|Any CPU.ActiveCfg = Release|Any CPU
		{EC3C9262-B3F4-4DC8-99FC-A18C68839DC6}.Release|Any CPU.Build.0 = Release|Any CPU
		{EC3C9262-B3F4-4DC8-99FC-A18C68839DC6}.Release|Mixed Platforms.ActiveCfg = Release|Any CPU
		{EC3C9262-B3F4-4DC8-99FC-A18C68839DC6}.Release|Mixed Platforms.Build.0 = Release|Any CPU
		{EC3C9262-B3F4-4DC8-99FC-A18C68839DC6}.Release|x86.ActiveCfg = Release|Any CPU
		{83802AE5-5592-4B50-9DE1-C1D0CCD38334}.Debug|Any CPU.ActiveCfg = Debug|Any CPU
		{83802AE5-5592-4B50-9DE1-C1D0CCD38334}.Debug|Any CPU.Build.0 = Debug|Any CPU
		{83802AE5-5592-4B50-9DE1-C1D0CCD38334}.Debug|Mixed Platforms.ActiveCfg = Debug|Any CPU
		{83802AE5-5592-4B50-9DE1-C1D0CCD38334}.Debug|Mixed Platforms.Build.0 = Debug|Any CPU
		{83802AE5-5592-4B50-9DE1-C1D0CCD38334}.Debug|x86.ActiveCfg = Debug|Any CPU
		{83802AE5-5592-4B50-9DE1-C1D0CCD38334}.Release|Any CPU.ActiveCfg = Release|Any CPU
		{83802AE5-5592-4B50-9DE1-C1D0CCD38334}.Release|Any CPU.Build.0 = Release|Any CPU
		{83802AE5-5592-4B50-9DE1-C1D0CCD38334}.Release|Mixed Platforms.ActiveCfg = Release|Any CPU
		{83802AE5-5592-4B50-9DE1-C1D0CCD38334}.Release|Mixed Platforms.Build.0 = Release|Any CPU
		{83802AE5-5592-4B50-9DE1-C1D0CCD38334}.Release|x86.ActiveCfg = Release|Any CPU
		{5C9EAB7B-39F6-4E39-8FCF-BC4EBDDD3156}.Debug|Any CPU.ActiveCfg = Debug|Any CPU
		{5C9EAB7B-39F6-4E39-8FCF-BC4EBDDD3156}.Debug|Any CPU.Build.0 = Debug|Any CPU
		{5C9EAB7B-39F6-4E39-8FCF-BC4EBDDD3156}.Debug|Mixed Platforms.ActiveCfg = Debug|Any CPU
		{5C9EAB7B-39F6-4E39-8FCF-BC4EBDDD3156}.Debug|Mixed Platforms.Build.0 = Debug|Any CPU
		{5C9EAB7B-39F6-4E39-8FCF-BC4EBDDD3156}.Debug|x86.ActiveCfg = Debug|Any CPU
		{5C9EAB7B-39F6-4E39-8FCF-BC4EBDDD3156}.Release|Any CPU.ActiveCfg = Release|Any CPU
		{5C9EAB7B-39F6-4E39-8FCF-BC4EBDDD3156}.Release|Any CPU.Build.0 = Release|Any CPU
		{5C9EAB7B-39F6-4E39-8FCF-BC4EBDDD3156}.Release|Mixed Platforms.ActiveCfg = Release|Any CPU
		{5C9EAB7B-39F6-4E39-8FCF-BC4EBDDD3156}.Release|Mixed Platforms.Build.0 = Release|Any CPU
		{5C9EAB7B-39F6-4E39-8FCF-BC4EBDDD3156}.Release|x86.ActiveCfg = Release|Any CPU
		{E06EA71B-715E-43D4-AB0F-CB08A0248E9D}.Debug|Any CPU.ActiveCfg = Debug|Any CPU
		{E06EA71B-715E-43D4-AB0F-CB08A0248E9D}.Debug|Any CPU.Build.0 = Debug|Any CPU
		{E06EA71B-715E-43D4-AB0F-CB08A0248E9D}.Debug|Mixed Platforms.ActiveCfg = Debug|Any CPU
		{E06EA71B-715E-43D4-AB0F-CB08A0248E9D}.Debug|Mixed Platforms.Build.0 = Debug|Any CPU
		{E06EA71B-715E-43D4-AB0F-CB08A0248E9D}.Debug|x86.ActiveCfg = Debug|Any CPU
		{E06EA71B-715E-43D4-AB0F-CB08A0248E9D}.Release|Any CPU.ActiveCfg = Release|Any CPU
		{E06EA71B-715E-43D4-AB0F-CB08A0248E9D}.Release|Any CPU.Build.0 = Release|Any CPU
		{E06EA71B-715E-43D4-AB0F-CB08A0248E9D}.Release|Mixed Platforms.ActiveCfg = Release|Any CPU
		{E06EA71B-715E-43D4-AB0F-CB08A0248E9D}.Release|Mixed Platforms.Build.0 = Release|Any CPU
		{E06EA71B-715E-43D4-AB0F-CB08A0248E9D}.Release|x86.ActiveCfg = Release|Any CPU
		{9866905B-ADFC-43B8-A08A-A1484F6606CD}.Debug|Any CPU.ActiveCfg = Debug|Any CPU
		{9866905B-ADFC-43B8-A08A-A1484F6606CD}.Debug|Any CPU.Build.0 = Debug|Any CPU
		{9866905B-ADFC-43B8-A08A-A1484F6606CD}.Debug|Mixed Platforms.ActiveCfg = Debug|Any CPU
		{9866905B-ADFC-43B8-A08A-A1484F6606CD}.Debug|Mixed Platforms.Build.0 = Debug|Any CPU
		{9866905B-ADFC-43B8-A08A-A1484F6606CD}.Debug|x86.ActiveCfg = Debug|Any CPU
		{9866905B-ADFC-43B8-A08A-A1484F6606CD}.Release|Any CPU.ActiveCfg = Release|Any CPU
		{9866905B-ADFC-43B8-A08A-A1484F6606CD}.Release|Any CPU.Build.0 = Release|Any CPU
		{9866905B-ADFC-43B8-A08A-A1484F6606CD}.Release|Mixed Platforms.ActiveCfg = Release|Any CPU
		{9866905B-ADFC-43B8-A08A-A1484F6606CD}.Release|Mixed Platforms.Build.0 = Release|Any CPU
		{9866905B-ADFC-43B8-A08A-A1484F6606CD}.Release|x86.ActiveCfg = Release|Any CPU
		{7F08E9B7-1D41-40A2-93E2-3A9B7A00969B}.Debug|Any CPU.ActiveCfg = Debug|Any CPU
		{7F08E9B7-1D41-40A2-93E2-3A9B7A00969B}.Debug|Any CPU.Build.0 = Debug|Any CPU
		{7F08E9B7-1D41-40A2-93E2-3A9B7A00969B}.Debug|Mixed Platforms.ActiveCfg = Debug|Any CPU
		{7F08E9B7-1D41-40A2-93E2-3A9B7A00969B}.Debug|Mixed Platforms.Build.0 = Debug|Any CPU
		{7F08E9B7-1D41-40A2-93E2-3A9B7A00969B}.Debug|x86.ActiveCfg = Debug|Any CPU
		{7F08E9B7-1D41-40A2-93E2-3A9B7A00969B}.Release|Any CPU.ActiveCfg = Release|Any CPU
		{7F08E9B7-1D41-40A2-93E2-3A9B7A00969B}.Release|Any CPU.Build.0 = Release|Any CPU
		{7F08E9B7-1D41-40A2-93E2-3A9B7A00969B}.Release|Mixed Platforms.ActiveCfg = Release|Any CPU
		{7F08E9B7-1D41-40A2-93E2-3A9B7A00969B}.Release|Mixed Platforms.Build.0 = Release|Any CPU
		{7F08E9B7-1D41-40A2-93E2-3A9B7A00969B}.Release|x86.ActiveCfg = Release|Any CPU
		{CDEC59CE-E235-4518-BD30-7C4B3CABFE66}.Debug|Any CPU.ActiveCfg = Debug|Any CPU
		{CDEC59CE-E235-4518-BD30-7C4B3CABFE66}.Debug|Any CPU.Build.0 = Debug|Any CPU
		{CDEC59CE-E235-4518-BD30-7C4B3CABFE66}.Debug|Mixed Platforms.ActiveCfg = Debug|Any CPU
		{CDEC59CE-E235-4518-BD30-7C4B3CABFE66}.Debug|Mixed Platforms.Build.0 = Debug|Any CPU
		{CDEC59CE-E235-4518-BD30-7C4B3CABFE66}.Debug|x86.ActiveCfg = Debug|Any CPU
		{CDEC59CE-E235-4518-BD30-7C4B3CABFE66}.Release|Any CPU.ActiveCfg = Release|Any CPU
		{CDEC59CE-E235-4518-BD30-7C4B3CABFE66}.Release|Any CPU.Build.0 = Release|Any CPU
		{CDEC59CE-E235-4518-BD30-7C4B3CABFE66}.Release|Mixed Platforms.ActiveCfg = Release|Any CPU
		{CDEC59CE-E235-4518-BD30-7C4B3CABFE66}.Release|Mixed Platforms.Build.0 = Release|Any CPU
		{CDEC59CE-E235-4518-BD30-7C4B3CABFE66}.Release|x86.ActiveCfg = Release|Any CPU
		{E6825E01-9AFB-4F4D-9478-05DC57278EB6}.Debug|Any CPU.ActiveCfg = Debug|Any CPU
		{E6825E01-9AFB-4F4D-9478-05DC57278EB6}.Debug|Any CPU.Build.0 = Debug|Any CPU
		{E6825E01-9AFB-4F4D-9478-05DC57278EB6}.Debug|Mixed Platforms.ActiveCfg = Debug|Any CPU
		{E6825E01-9AFB-4F4D-9478-05DC57278EB6}.Debug|Mixed Platforms.Build.0 = Debug|Any CPU
		{E6825E01-9AFB-4F4D-9478-05DC57278EB6}.Debug|x86.ActiveCfg = Debug|Any CPU
		{E6825E01-9AFB-4F4D-9478-05DC57278EB6}.Release|Any CPU.ActiveCfg = Release|Any CPU
		{E6825E01-9AFB-4F4D-9478-05DC57278EB6}.Release|Any CPU.Build.0 = Release|Any CPU
		{E6825E01-9AFB-4F4D-9478-05DC57278EB6}.Release|Mixed Platforms.ActiveCfg = Release|Any CPU
		{E6825E01-9AFB-4F4D-9478-05DC57278EB6}.Release|Mixed Platforms.Build.0 = Release|Any CPU
		{E6825E01-9AFB-4F4D-9478-05DC57278EB6}.Release|x86.ActiveCfg = Release|Any CPU
		{4F0B4637-68B2-45A7-BA04-114511259439}.Debug|Any CPU.ActiveCfg = Debug|Any CPU
		{4F0B4637-68B2-45A7-BA04-114511259439}.Debug|Any CPU.Build.0 = Debug|Any CPU
		{4F0B4637-68B2-45A7-BA04-114511259439}.Debug|Mixed Platforms.ActiveCfg = Debug|Any CPU
		{4F0B4637-68B2-45A7-BA04-114511259439}.Debug|Mixed Platforms.Build.0 = Debug|Any CPU
		{4F0B4637-68B2-45A7-BA04-114511259439}.Debug|x86.ActiveCfg = Debug|Any CPU
		{4F0B4637-68B2-45A7-BA04-114511259439}.Release|Any CPU.ActiveCfg = Release|Any CPU
		{4F0B4637-68B2-45A7-BA04-114511259439}.Release|Any CPU.Build.0 = Release|Any CPU
		{4F0B4637-68B2-45A7-BA04-114511259439}.Release|Mixed Platforms.ActiveCfg = Release|Any CPU
		{4F0B4637-68B2-45A7-BA04-114511259439}.Release|Mixed Platforms.Build.0 = Release|Any CPU
		{4F0B4637-68B2-45A7-BA04-114511259439}.Release|x86.ActiveCfg = Release|Any CPU
		{2AE5F381-F500-451B-ADAF-C4AB7165220A}.Debug|Any CPU.ActiveCfg = Debug|Any CPU
		{2AE5F381-F500-451B-ADAF-C4AB7165220A}.Debug|Any CPU.Build.0 = Debug|Any CPU
		{2AE5F381-F500-451B-ADAF-C4AB7165220A}.Debug|Mixed Platforms.ActiveCfg = Debug|Any CPU
		{2AE5F381-F500-451B-ADAF-C4AB7165220A}.Debug|Mixed Platforms.Build.0 = Debug|Any CPU
		{2AE5F381-F500-451B-ADAF-C4AB7165220A}.Debug|x86.ActiveCfg = Debug|Any CPU
		{2AE5F381-F500-451B-ADAF-C4AB7165220A}.Release|Any CPU.ActiveCfg = Release|Any CPU
		{2AE5F381-F500-451B-ADAF-C4AB7165220A}.Release|Any CPU.Build.0 = Release|Any CPU
		{2AE5F381-F500-451B-ADAF-C4AB7165220A}.Release|Mixed Platforms.ActiveCfg = Release|Any CPU
		{2AE5F381-F500-451B-ADAF-C4AB7165220A}.Release|Mixed Platforms.Build.0 = Release|Any CPU
		{2AE5F381-F500-451B-ADAF-C4AB7165220A}.Release|x86.ActiveCfg = Release|Any CPU
		{09273B4D-A5E5-4F9A-9AF3-8348D69C4600}.Debug|Any CPU.ActiveCfg = Debug|Any CPU
		{09273B4D-A5E5-4F9A-9AF3-8348D69C4600}.Debug|Any CPU.Build.0 = Debug|Any CPU
		{09273B4D-A5E5-4F9A-9AF3-8348D69C4600}.Debug|Mixed Platforms.ActiveCfg = Debug|Any CPU
		{09273B4D-A5E5-4F9A-9AF3-8348D69C4600}.Debug|Mixed Platforms.Build.0 = Debug|Any CPU
		{09273B4D-A5E5-4F9A-9AF3-8348D69C4600}.Debug|x86.ActiveCfg = Debug|Any CPU
		{09273B4D-A5E5-4F9A-9AF3-8348D69C4600}.Release|Any CPU.ActiveCfg = Release|Any CPU
		{09273B4D-A5E5-4F9A-9AF3-8348D69C4600}.Release|Any CPU.Build.0 = Release|Any CPU
		{09273B4D-A5E5-4F9A-9AF3-8348D69C4600}.Release|Mixed Platforms.ActiveCfg = Release|Any CPU
		{09273B4D-A5E5-4F9A-9AF3-8348D69C4600}.Release|Mixed Platforms.Build.0 = Release|Any CPU
		{09273B4D-A5E5-4F9A-9AF3-8348D69C4600}.Release|x86.ActiveCfg = Release|Any CPU
		{11B50595-3B86-42C9-84F7-B3608483C557}.Debug|Any CPU.ActiveCfg = Debug|Any CPU
		{11B50595-3B86-42C9-84F7-B3608483C557}.Debug|Any CPU.Build.0 = Debug|Any CPU
		{11B50595-3B86-42C9-84F7-B3608483C557}.Debug|Mixed Platforms.ActiveCfg = Debug|Any CPU
		{11B50595-3B86-42C9-84F7-B3608483C557}.Debug|Mixed Platforms.Build.0 = Debug|Any CPU
		{11B50595-3B86-42C9-84F7-B3608483C557}.Debug|x86.ActiveCfg = Debug|Any CPU
		{11B50595-3B86-42C9-84F7-B3608483C557}.Release|Any CPU.ActiveCfg = Release|Any CPU
		{11B50595-3B86-42C9-84F7-B3608483C557}.Release|Any CPU.Build.0 = Release|Any CPU
		{11B50595-3B86-42C9-84F7-B3608483C557}.Release|Mixed Platforms.ActiveCfg = Release|Any CPU
		{11B50595-3B86-42C9-84F7-B3608483C557}.Release|Mixed Platforms.Build.0 = Release|Any CPU
		{11B50595-3B86-42C9-84F7-B3608483C557}.Release|x86.ActiveCfg = Release|Any CPU
		{FC501459-8902-4D6F-BDF9-A0971B3571C3}.Debug|Any CPU.ActiveCfg = Debug|Any CPU
		{FC501459-8902-4D6F-BDF9-A0971B3571C3}.Debug|Any CPU.Build.0 = Debug|Any CPU
		{FC501459-8902-4D6F-BDF9-A0971B3571C3}.Debug|Mixed Platforms.ActiveCfg = Debug|Any CPU
		{FC501459-8902-4D6F-BDF9-A0971B3571C3}.Debug|Mixed Platforms.Build.0 = Debug|Any CPU
		{FC501459-8902-4D6F-BDF9-A0971B3571C3}.Debug|x86.ActiveCfg = Debug|Any CPU
		{FC501459-8902-4D6F-BDF9-A0971B3571C3}.Release|Any CPU.ActiveCfg = Release|Any CPU
		{FC501459-8902-4D6F-BDF9-A0971B3571C3}.Release|Any CPU.Build.0 = Release|Any CPU
		{FC501459-8902-4D6F-BDF9-A0971B3571C3}.Release|Mixed Platforms.ActiveCfg = Release|Any CPU
		{FC501459-8902-4D6F-BDF9-A0971B3571C3}.Release|Mixed Platforms.Build.0 = Release|Any CPU
		{FC501459-8902-4D6F-BDF9-A0971B3571C3}.Release|x86.ActiveCfg = Release|Any CPU
		{E2D4F3D3-6C3B-421E-9E5C-05613BB45FA0}.Debug|Any CPU.ActiveCfg = Debug|Any CPU
		{E2D4F3D3-6C3B-421E-9E5C-05613BB45FA0}.Debug|Any CPU.Build.0 = Debug|Any CPU
		{E2D4F3D3-6C3B-421E-9E5C-05613BB45FA0}.Debug|Mixed Platforms.ActiveCfg = Debug|Any CPU
		{E2D4F3D3-6C3B-421E-9E5C-05613BB45FA0}.Debug|Mixed Platforms.Build.0 = Debug|Any CPU
		{E2D4F3D3-6C3B-421E-9E5C-05613BB45FA0}.Debug|x86.ActiveCfg = Debug|Any CPU
		{E2D4F3D3-6C3B-421E-9E5C-05613BB45FA0}.Release|Any CPU.ActiveCfg = Release|Any CPU
		{E2D4F3D3-6C3B-421E-9E5C-05613BB45FA0}.Release|Any CPU.Build.0 = Release|Any CPU
		{E2D4F3D3-6C3B-421E-9E5C-05613BB45FA0}.Release|Mixed Platforms.ActiveCfg = Release|Any CPU
		{E2D4F3D3-6C3B-421E-9E5C-05613BB45FA0}.Release|Mixed Platforms.Build.0 = Release|Any CPU
		{E2D4F3D3-6C3B-421E-9E5C-05613BB45FA0}.Release|x86.ActiveCfg = Release|Any CPU
		{BD88645A-8B53-4E1C-8A82-D8C6C2E45874}.Debug|Any CPU.ActiveCfg = Debug|x86
		{BD88645A-8B53-4E1C-8A82-D8C6C2E45874}.Debug|Mixed Platforms.ActiveCfg = Debug|x86
		{BD88645A-8B53-4E1C-8A82-D8C6C2E45874}.Debug|Mixed Platforms.Build.0 = Debug|x86
		{BD88645A-8B53-4E1C-8A82-D8C6C2E45874}.Debug|x86.ActiveCfg = Debug|x86
		{BD88645A-8B53-4E1C-8A82-D8C6C2E45874}.Debug|x86.Build.0 = Debug|x86
		{BD88645A-8B53-4E1C-8A82-D8C6C2E45874}.Release|Any CPU.ActiveCfg = Release|x86
		{BD88645A-8B53-4E1C-8A82-D8C6C2E45874}.Release|Mixed Platforms.ActiveCfg = Release|x86
		{BD88645A-8B53-4E1C-8A82-D8C6C2E45874}.Release|Mixed Platforms.Build.0 = Release|x86
		{BD88645A-8B53-4E1C-8A82-D8C6C2E45874}.Release|x86.ActiveCfg = Release|x86
		{BD88645A-8B53-4E1C-8A82-D8C6C2E45874}.Release|x86.Build.0 = Release|x86
		{EA00A44F-EF6B-4783-AAC6-E8D8142BF0EB}.Debug|Any CPU.ActiveCfg = Debug|x86
		{EA00A44F-EF6B-4783-AAC6-E8D8142BF0EB}.Debug|Mixed Platforms.ActiveCfg = Debug|x86
		{EA00A44F-EF6B-4783-AAC6-E8D8142BF0EB}.Debug|Mixed Platforms.Build.0 = Debug|x86
		{EA00A44F-EF6B-4783-AAC6-E8D8142BF0EB}.Debug|x86.ActiveCfg = Debug|x86
		{EA00A44F-EF6B-4783-AAC6-E8D8142BF0EB}.Debug|x86.Build.0 = Debug|x86
		{EA00A44F-EF6B-4783-AAC6-E8D8142BF0EB}.Release|Any CPU.ActiveCfg = Release|x86
		{EA00A44F-EF6B-4783-AAC6-E8D8142BF0EB}.Release|Mixed Platforms.ActiveCfg = Release|x86
		{EA00A44F-EF6B-4783-AAC6-E8D8142BF0EB}.Release|Mixed Platforms.Build.0 = Release|x86
		{EA00A44F-EF6B-4783-AAC6-E8D8142BF0EB}.Release|x86.ActiveCfg = Release|x86
		{EA00A44F-EF6B-4783-AAC6-E8D8142BF0EB}.Release|x86.Build.0 = Release|x86
		{AA450069-387F-43E1-B29F-5CFC95DA3770}.Debug|Any CPU.ActiveCfg = Debug|Any CPU
		{AA450069-387F-43E1-B29F-5CFC95DA3770}.Debug|Any CPU.Build.0 = Debug|Any CPU
		{AA450069-387F-43E1-B29F-5CFC95DA3770}.Debug|Mixed Platforms.ActiveCfg = Debug|Any CPU
		{AA450069-387F-43E1-B29F-5CFC95DA3770}.Debug|Mixed Platforms.Build.0 = Debug|Any CPU
		{AA450069-387F-43E1-B29F-5CFC95DA3770}.Debug|x86.ActiveCfg = Debug|Any CPU
		{AA450069-387F-43E1-B29F-5CFC95DA3770}.Release|Any CPU.ActiveCfg = Release|Any CPU
		{AA450069-387F-43E1-B29F-5CFC95DA3770}.Release|Any CPU.Build.0 = Release|Any CPU
		{AA450069-387F-43E1-B29F-5CFC95DA3770}.Release|Mixed Platforms.ActiveCfg = Release|Any CPU
		{AA450069-387F-43E1-B29F-5CFC95DA3770}.Release|Mixed Platforms.Build.0 = Release|Any CPU
		{AA450069-387F-43E1-B29F-5CFC95DA3770}.Release|x86.ActiveCfg = Release|Any CPU
		{1EE2550A-EE07-491A-BC52-001472B58ACA}.Debug|Any CPU.ActiveCfg = Debug|Any CPU
		{1EE2550A-EE07-491A-BC52-001472B58ACA}.Debug|Any CPU.Build.0 = Debug|Any CPU
		{1EE2550A-EE07-491A-BC52-001472B58ACA}.Debug|Mixed Platforms.ActiveCfg = Debug|Any CPU
		{1EE2550A-EE07-491A-BC52-001472B58ACA}.Debug|Mixed Platforms.Build.0 = Debug|Any CPU
		{1EE2550A-EE07-491A-BC52-001472B58ACA}.Debug|x86.ActiveCfg = Debug|Any CPU
		{1EE2550A-EE07-491A-BC52-001472B58ACA}.Release|Any CPU.ActiveCfg = Release|Any CPU
		{1EE2550A-EE07-491A-BC52-001472B58ACA}.Release|Any CPU.Build.0 = Release|Any CPU
		{1EE2550A-EE07-491A-BC52-001472B58ACA}.Release|Mixed Platforms.ActiveCfg = Release|Any CPU
		{1EE2550A-EE07-491A-BC52-001472B58ACA}.Release|Mixed Platforms.Build.0 = Release|Any CPU
		{1EE2550A-EE07-491A-BC52-001472B58ACA}.Release|x86.ActiveCfg = Release|Any CPU
		{FD5CF8E0-4FE7-4411-A424-B8AA231A8949}.Debug|Any CPU.ActiveCfg = Debug|Any CPU
		{FD5CF8E0-4FE7-4411-A424-B8AA231A8949}.Debug|Any CPU.Build.0 = Debug|Any CPU
		{FD5CF8E0-4FE7-4411-A424-B8AA231A8949}.Debug|Mixed Platforms.ActiveCfg = Debug|Any CPU
		{FD5CF8E0-4FE7-4411-A424-B8AA231A8949}.Debug|Mixed Platforms.Build.0 = Debug|Any CPU
		{FD5CF8E0-4FE7-4411-A424-B8AA231A8949}.Debug|x86.ActiveCfg = Debug|Any CPU
		{FD5CF8E0-4FE7-4411-A424-B8AA231A8949}.Release|Any CPU.ActiveCfg = Release|Any CPU
		{FD5CF8E0-4FE7-4411-A424-B8AA231A8949}.Release|Any CPU.Build.0 = Release|Any CPU
		{FD5CF8E0-4FE7-4411-A424-B8AA231A8949}.Release|Mixed Platforms.ActiveCfg = Release|Any CPU
		{FD5CF8E0-4FE7-4411-A424-B8AA231A8949}.Release|Mixed Platforms.Build.0 = Release|Any CPU
		{FD5CF8E0-4FE7-4411-A424-B8AA231A8949}.Release|x86.ActiveCfg = Release|Any CPU
		{53B936B8-79D9-4043-B8E6-7A9EDAAA1BB0}.Debug|Any CPU.ActiveCfg = Debug|Any CPU
		{53B936B8-79D9-4043-B8E6-7A9EDAAA1BB0}.Debug|Any CPU.Build.0 = Debug|Any CPU
		{53B936B8-79D9-4043-B8E6-7A9EDAAA1BB0}.Debug|Mixed Platforms.ActiveCfg = Debug|Any CPU
		{53B936B8-79D9-4043-B8E6-7A9EDAAA1BB0}.Debug|Mixed Platforms.Build.0 = Debug|Any CPU
		{53B936B8-79D9-4043-B8E6-7A9EDAAA1BB0}.Debug|x86.ActiveCfg = Debug|Any CPU
		{53B936B8-79D9-4043-B8E6-7A9EDAAA1BB0}.Release|Any CPU.ActiveCfg = Release|Any CPU
		{53B936B8-79D9-4043-B8E6-7A9EDAAA1BB0}.Release|Any CPU.Build.0 = Release|Any CPU
		{53B936B8-79D9-4043-B8E6-7A9EDAAA1BB0}.Release|Mixed Platforms.ActiveCfg = Release|Any CPU
		{53B936B8-79D9-4043-B8E6-7A9EDAAA1BB0}.Release|Mixed Platforms.Build.0 = Release|Any CPU
		{53B936B8-79D9-4043-B8E6-7A9EDAAA1BB0}.Release|x86.ActiveCfg = Release|Any CPU
		{6556A18B-E3AA-4BF4-8D2A-6B272C0285F4}.Debug|Any CPU.ActiveCfg = Debug|Any CPU
		{6556A18B-E3AA-4BF4-8D2A-6B272C0285F4}.Debug|Any CPU.Build.0 = Debug|Any CPU
		{6556A18B-E3AA-4BF4-8D2A-6B272C0285F4}.Debug|Mixed Platforms.ActiveCfg = Debug|Any CPU
		{6556A18B-E3AA-4BF4-8D2A-6B272C0285F4}.Debug|Mixed Platforms.Build.0 = Debug|Any CPU
		{6556A18B-E3AA-4BF4-8D2A-6B272C0285F4}.Debug|x86.ActiveCfg = Debug|Any CPU
		{6556A18B-E3AA-4BF4-8D2A-6B272C0285F4}.Release|Any CPU.ActiveCfg = Release|Any CPU
		{6556A18B-E3AA-4BF4-8D2A-6B272C0285F4}.Release|Any CPU.Build.0 = Release|Any CPU
		{6556A18B-E3AA-4BF4-8D2A-6B272C0285F4}.Release|Mixed Platforms.ActiveCfg = Release|Any CPU
		{6556A18B-E3AA-4BF4-8D2A-6B272C0285F4}.Release|Mixed Platforms.Build.0 = Release|Any CPU
		{6556A18B-E3AA-4BF4-8D2A-6B272C0285F4}.Release|x86.ActiveCfg = Release|Any CPU
		{4DDF35A2-F47E-4F4F-B752-6C11CDD1F958}.Debug|Any CPU.ActiveCfg = Debug|Any CPU
		{4DDF35A2-F47E-4F4F-B752-6C11CDD1F958}.Debug|Any CPU.Build.0 = Debug|Any CPU
		{4DDF35A2-F47E-4F4F-B752-6C11CDD1F958}.Debug|Mixed Platforms.ActiveCfg = Debug|Any CPU
		{4DDF35A2-F47E-4F4F-B752-6C11CDD1F958}.Debug|Mixed Platforms.Build.0 = Debug|Any CPU
		{4DDF35A2-F47E-4F4F-B752-6C11CDD1F958}.Debug|x86.ActiveCfg = Debug|Any CPU
		{4DDF35A2-F47E-4F4F-B752-6C11CDD1F958}.Release|Any CPU.ActiveCfg = Release|Any CPU
		{4DDF35A2-F47E-4F4F-B752-6C11CDD1F958}.Release|Any CPU.Build.0 = Release|Any CPU
		{4DDF35A2-F47E-4F4F-B752-6C11CDD1F958}.Release|Mixed Platforms.ActiveCfg = Release|Any CPU
		{4DDF35A2-F47E-4F4F-B752-6C11CDD1F958}.Release|Mixed Platforms.Build.0 = Release|Any CPU
		{4DDF35A2-F47E-4F4F-B752-6C11CDD1F958}.Release|x86.ActiveCfg = Release|Any CPU
	EndGlobalSection
	GlobalSection(SolutionProperties) = preSolution
		HideSolutionNode = FALSE
	EndGlobalSection
	GlobalSection(NestedProjects) = preSolution
		{E6825E01-9AFB-4F4D-9478-05DC57278EB6} = {3BEB1412-8A51-4120-818D-5527BE34D0C0}
		{4F0B4637-68B2-45A7-BA04-114511259439} = {3BEB1412-8A51-4120-818D-5527BE34D0C0}
		{E86B0964-76A7-43E2-BAEB-6408EF740553} = {7A6E4B44-3709-4E10-A204-97B3880ED823}
		{1ADBA2C9-CB28-40C5-B58D-F03F359098B3} = {86EC51AC-625A-48B0-B551-1DD6F1A238C3}
		{2AE5F381-F500-451B-ADAF-C4AB7165220A} = {86EC51AC-625A-48B0-B551-1DD6F1A238C3}
		{E2D4F3D3-6C3B-421E-9E5C-05613BB45FA0} = {86EC51AC-625A-48B0-B551-1DD6F1A238C3}
		{1EE2550A-EE07-491A-BC52-001472B58ACA} = {86EC51AC-625A-48B0-B551-1DD6F1A238C3}
		{FD5CF8E0-4FE7-4411-A424-B8AA231A8949} = {86EC51AC-625A-48B0-B551-1DD6F1A238C3}
		{6556A18B-E3AA-4BF4-8D2A-6B272C0285F4} = {86EC51AC-625A-48B0-B551-1DD6F1A238C3}
		{EC3C9262-B3F4-4DC8-99FC-A18C68839DC6} = {C287725E-3900-4516-8136-357C001F935F}
		{83802AE5-5592-4B50-9DE1-C1D0CCD38334} = {C287725E-3900-4516-8136-357C001F935F}
		{5C9EAB7B-39F6-4E39-8FCF-BC4EBDDD3156} = {C287725E-3900-4516-8136-357C001F935F}
		{E06EA71B-715E-43D4-AB0F-CB08A0248E9D} = {F03988C9-EB88-47C9-B97F-5FF2837E3C8B}
		{9866905B-ADFC-43B8-A08A-A1484F6606CD} = {F03988C9-EB88-47C9-B97F-5FF2837E3C8B}
		{7F08E9B7-1D41-40A2-93E2-3A9B7A00969B} = {F03988C9-EB88-47C9-B97F-5FF2837E3C8B}
		{53B936B8-79D9-4043-B8E6-7A9EDAAA1BB0} = {F03988C9-EB88-47C9-B97F-5FF2837E3C8B}
		{CDEC59CE-E235-4518-BD30-7C4B3CABFE66} = {F5417C94-43AA-4831-B2CA-41E7B8D2DFB3}
		{09273B4D-A5E5-4F9A-9AF3-8348D69C4600} = {F5417C94-43AA-4831-B2CA-41E7B8D2DFB3}
		{11B50595-3B86-42C9-84F7-B3608483C557} = {F5417C94-43AA-4831-B2CA-41E7B8D2DFB3}
		{FC501459-8902-4D6F-BDF9-A0971B3571C3} = {F5417C94-43AA-4831-B2CA-41E7B8D2DFB3}
		{AA450069-387F-43E1-B29F-5CFC95DA3770} = {F5417C94-43AA-4831-B2CA-41E7B8D2DFB3}
		{4DDF35A2-F47E-4F4F-B752-6C11CDD1F958} = {F5417C94-43AA-4831-B2CA-41E7B8D2DFB3}
		{BD88645A-8B53-4E1C-8A82-D8C6C2E45874} = {4BD22DFB-4CAE-42DC-8927-15F8C9FF96BE}
		{EA00A44F-EF6B-4783-AAC6-E8D8142BF0EB} = {4BD22DFB-4CAE-42DC-8927-15F8C9FF96BE}
	EndGlobalSection
EndGlobal
